Microsoft Visual Studio Solution File, Format Version 12.00
# Visual Studio Version 17
VisualStudioVersion = 17.11.35017.193
MinimumVisualStudioVersion = 10.0.40219.1
Project("{9A19103F-16F7-4668-BE54-9A1E7A4F7556}") = "AreaPlanner.AppHost", "AreaPlanner.AppHost\AreaPlanner.AppHost.csproj", "{C3098FDE-8A88-440A-A350-8EF386E44718}"
EndProject
Project("{9A19103F-16F7-4668-BE54-9A1E7A4F7556}") = "AreaPlanner.ServiceDefaults", "AreaPlanner.ServiceDefaults\AreaPlanner.ServiceDefaults.csproj", "{20F68EDF-AF4E-4C55-96EE-3DC93BC9A4A2}"
EndProject
Project("{9A19103F-16F7-4668-BE54-9A1E7A4F7556}") = "AreaPlanner.ApiService", "AreaPlanner.ApiService\AreaPlanner.ApiService.csproj", "{8C34BA33-C872-492E-8488-48C0C38D8000}"
EndProject
Project("{9A19103F-16F7-4668-BE54-9A1E7A4F7556}") = "AreaPlanner.Web", "AreaPlanner.Web\AreaPlanner.Web.csproj", "{65E3F7BB-18E7-44B4-8292-056D623D8FE1}"
EndProject
Project("{9A19103F-16F7-4668-BE54-9A1E7A4F7556}") = "AreaPlanner.Tests", "AreaPlanner.Tests\AreaPlanner.Tests.csproj", "{9E6450AA-80C9-41E8-8062-E603B3B5D1E9}"
EndProject
Project("{FAE04EC0-301F-11D3-BF4B-00C04F79EFBC}") = "AreaPlanner.Common", "AreaPlanner.Common\AreaPlanner.Common.csproj", "{86B51499-CC37-457D-9590-3F17448D0EEC}"
EndProject
Project("{FAE04EC0-301F-11D3-BF4B-00C04F79EFBC}") = "AreaPlanner.Data.Sql", "AreaPlanner.Data.Sql\AreaPlanner.Data.Sql.csproj", "{19E01079-3E25-4FA1-BE7A-5C8451FC1CAD}"
EndProject
Global
	GlobalSection(SolutionConfigurationPlatforms) = preSolution
		Debug|Any CPU = Debug|Any CPU
		Release|Any CPU = Release|Any CPU
	EndGlobalSection
	GlobalSection(ProjectConfigurationPlatforms) = postSolution
		{C3098FDE-8A88-440A-A350-8EF386E44718}.Debug|Any CPU.ActiveCfg = Debug|Any CPU
		{C3098FDE-8A88-440A-A350-8EF386E44718}.Debug|Any CPU.Build.0 = Debug|Any CPU
		{C3098FDE-8A88-440A-A350-8EF386E44718}.Release|Any CPU.ActiveCfg = Release|Any CPU
		{C3098FDE-8A88-440A-A350-8EF386E44718}.Release|Any CPU.Build.0 = Release|Any CPU
		{20F68EDF-AF4E-4C55-96EE-3DC93BC9A4A2}.Debug|Any CPU.ActiveCfg = Debug|Any CPU
		{20F68EDF-AF4E-4C55-96EE-3DC93BC9A4A2}.Debug|Any CPU.Build.0 = Debug|Any CPU
		{20F68EDF-AF4E-4C55-96EE-3DC93BC9A4A2}.Release|Any CPU.ActiveCfg = Release|Any CPU
		{20F68EDF-AF4E-4C55-96EE-3DC93BC9A4A2}.Release|Any CPU.Build.0 = Release|Any CPU
		{8C34BA33-C872-492E-8488-48C0C38D8000}.Debug|Any CPU.ActiveCfg = Debug|Any CPU
		{8C34BA33-C872-492E-8488-48C0C38D8000}.Debug|Any CPU.Build.0 = Debug|Any CPU
		{8C34BA33-C872-492E-8488-48C0C38D8000}.Release|Any CPU.ActiveCfg = Release|Any CPU
		{8C34BA33-C872-492E-8488-48C0C38D8000}.Release|Any CPU.Build.0 = Release|Any CPU
		{65E3F7BB-18E7-44B4-8292-056D623D8FE1}.Debug|Any CPU.ActiveCfg = Debug|Any CPU
		{65E3F7BB-18E7-44B4-8292-056D623D8FE1}.Debug|Any CPU.Build.0 = Debug|Any CPU
		{65E3F7BB-18E7-44B4-8292-056D623D8FE1}.Release|Any CPU.ActiveCfg = Release|Any CPU
		{65E3F7BB-18E7-44B4-8292-056D623D8FE1}.Release|Any CPU.Build.0 = Release|Any CPU
		{9E6450AA-80C9-41E8-8062-E603B3B5D1E9}.Debug|Any CPU.ActiveCfg = Debug|Any CPU
		{9E6450AA-80C9-41E8-8062-E603B3B5D1E9}.Debug|Any CPU.Build.0 = Debug|Any CPU
		{9E6450AA-80C9-41E8-8062-E603B3B5D1E9}.Release|Any CPU.ActiveCfg = Release|Any CPU
		{9E6450AA-80C9-41E8-8062-E603B3B5D1E9}.Release|Any CPU.Build.0 = Release|Any CPU
		{86B51499-CC37-457D-9590-3F17448D0EEC}.Debug|Any CPU.ActiveCfg = Debug|Any CPU
		{86B51499-CC37-457D-9590-3F17448D0EEC}.Debug|Any CPU.Build.0 = Debug|Any CPU
		{86B51499-CC37-457D-9590-3F17448D0EEC}.Release|Any CPU.ActiveCfg = Release|Any CPU
		{86B51499-CC37-457D-9590-3F17448D0EEC}.Release|Any CPU.Build.0 = Release|Any CPU
		{19E01079-3E25-4FA1-BE7A-5C8451FC1CAD}.Debug|Any CPU.ActiveCfg = Debug|Any CPU
		{19E01079-3E25-4FA1-BE7A-5C8451FC1CAD}.Debug|Any CPU.Build.0 = Debug|Any CPU
		{19E01079-3E25-4FA1-BE7A-5C8451FC1CAD}.Release|Any CPU.ActiveCfg = Release|Any CPU
		{19E01079-3E25-4FA1-BE7A-5C8451FC1CAD}.Release|Any CPU.Build.0 = Release|Any CPU
	EndGlobalSection
	GlobalSection(SolutionProperties) = preSolution
		HideSolutionNode = FALSE
	EndGlobalSection
	GlobalSection(ExtensibilityGlobals) = postSolution
		SolutionGuid = {DB782348-C671-486A-8591-049883FFA903}
	EndGlobalSection
EndGlobal
